
Microsoft Visual Studio Solution File, Format Version 12.00
# Visual Studio 15
VisualStudioVersion = 15.0.28307.902
MinimumVisualStudioVersion = 10.0.40219.1
Project("{F2A71F9B-5D33-465A-A702-920D77279786}") = "SuperSmashSearch", "SuperSmashSearch\SuperSmashSearch.fsproj", "{8C8B0C05-1B7A-4AF4-A713-53285FE994DA}"
EndProject
Global
	GlobalSection(SolutionConfigurationPlatforms) = preSolution
		Debug|Any CPU = Debug|Any CPU
		Release|Any CPU = Release|Any CPU
	EndGlobalSection
	GlobalSection(ProjectConfigurationPlatforms) = postSolution
		{8C8B0C05-1B7A-4AF4-A713-53285FE994DA}.Debug|Any CPU.ActiveCfg = Debug|Any CPU
		{8C8B0C05-1B7A-4AF4-A713-53285FE994DA}.Debug|Any CPU.Build.0 = Debug|Any CPU
		{8C8B0C05-1B7A-4AF4-A713-53285FE994DA}.Debug|Any CPU.Deploy.0 = Debug|Any CPU
		{8C8B0C05-1B7A-4AF4-A713-53285FE994DA}.Release|Any CPU.ActiveCfg = Release|Any CPU
		{8C8B0C05-1B7A-4AF4-A713-53285FE994DA}.Release|Any CPU.Build.0 = Release|Any CPU
		{8C8B0C05-1B7A-4AF4-A713-53285FE994DA}.Release|Any CPU.Deploy.0 = Release|Any CPU
	EndGlobalSection
	GlobalSection(SolutionProperties) = preSolution
		HideSolutionNode = FALSE
	EndGlobalSection
	GlobalSection(ExtensibilityGlobals) = postSolution
		SolutionGuid = {1EC5D5A4-C2A4-47D4-977B-88739F9B2601}
	EndGlobalSection
EndGlobal
