
Microsoft Visual Studio Solution File, Format Version 12.00
# Visual Studio 15
VisualStudioVersion = 15.0.26730.10
MinimumVisualStudioVersion = 10.0.40219.1

Project("{6EC3EE1D-3C4E-46DD-8F32-0CC8E7565705}") = "SqueakyApp", "SqueakyApp\SqueakyApp.fsproj", "{647B87FE-87D1-45E3-9AA6-0B6B0750730D}"
EndProject

Project("{F2A71F9B-5D33-465A-A702-920D77279786}") = "SqueakyApp.Android", "SqueakyApp.Android\SqueakyApp.Android.fsproj", "{B12B2F4E-3E27-4417-A228-139D317DE82A}"
EndProject






Global
	GlobalSection(SolutionConfigurationPlatforms) = preSolution
		Ad-Hoc|Any CPU = Ad-Hoc|Any CPU
		Ad-Hoc|ARM = Ad-Hoc|ARM
		Ad-Hoc|iPhone = Ad-Hoc|iPhone
		Ad-Hoc|iPhoneSimulator = Ad-Hoc|iPhoneSimulator
		Ad-Hoc|x64 = Ad-Hoc|x64
		Ad-Hoc|x86 = Ad-Hoc|x86
		AppStore|Any CPU = AppStore|Any CPU
		AppStore|ARM = AppStore|ARM
		AppStore|iPhone = AppStore|iPhone
		AppStore|iPhoneSimulator = AppStore|iPhoneSimulator
		AppStore|x64 = AppStore|x64
		AppStore|x86 = AppStore|x86
		Debug|Any CPU = Debug|Any CPU
		Debug|ARM = Debug|ARM
		Debug|iPhone = Debug|iPhone
		Debug|iPhoneSimulator = Debug|iPhoneSimulator
		Debug|x64 = Debug|x64
		Debug|x86 = Debug|x86
		Release|Any CPU = Release|Any CPU
		Release|ARM = Release|ARM
		Release|iPhone = Release|iPhone
		Release|iPhoneSimulator = Release|iPhoneSimulator
		Release|x64 = Release|x64
		Release|x86 = Release|x86
	EndGlobalSection
	GlobalSection(ProjectConfigurationPlatforms) = postSolution
		{647B87FE-87D1-45E3-9AA6-0B6B0750730D}.Ad-Hoc|Any CPU.ActiveCfg = Debug|Any CPU
		{647B87FE-87D1-45E3-9AA6-0B6B0750730D}.Ad-Hoc|Any CPU.Build.0 = Debug|Any CPU
		{647B87FE-87D1-45E3-9AA6-0B6B0750730D}.Ad-Hoc|ARM.ActiveCfg = Debug|Any CPU
		{647B87FE-87D1-45E3-9AA6-0B6B0750730D}.Ad-Hoc|ARM.Build.0 = Debug|Any CPU
		{647B87FE-87D1-45E3-9AA6-0B6B0750730D}.Ad-Hoc|iPhone.ActiveCfg = Debug|Any CPU
		{647B87FE-87D1-45E3-9AA6-0B6B0750730D}.Ad-Hoc|iPhone.Build.0 = Debug|Any CPU
		{647B87FE-87D1-45E3-9AA6-0B6B0750730D}.Ad-Hoc|iPhoneSimulator.ActiveCfg = Debug|Any CPU
		{647B87FE-87D1-45E3-9AA6-0B6B0750730D}.Ad-Hoc|iPhoneSimulator.Build.0 = Debug|Any CPU
		{647B87FE-87D1-45E3-9AA6-0B6B0750730D}.Ad-Hoc|x64.ActiveCfg = Debug|Any CPU
		{647B87FE-87D1-45E3-9AA6-0B6B0750730D}.Ad-Hoc|x64.Build.0 = Debug|Any CPU
		{647B87FE-87D1-45E3-9AA6-0B6B0750730D}.Ad-Hoc|x86.ActiveCfg = Debug|Any CPU
		{647B87FE-87D1-45E3-9AA6-0B6B0750730D}.Ad-Hoc|x86.Build.0 = Debug|Any CPU
		{647B87FE-87D1-45E3-9AA6-0B6B0750730D}.AppStore|Any CPU.ActiveCfg = Debug|Any CPU
		{647B87FE-87D1-45E3-9AA6-0B6B0750730D}.AppStore|Any CPU.Build.0 = Debug|Any CPU
		{647B87FE-87D1-45E3-9AA6-0B6B0750730D}.AppStore|ARM.ActiveCfg = Debug|Any CPU
		{647B87FE-87D1-45E3-9AA6-0B6B0750730D}.AppStore|ARM.Build.0 = Debug|Any CPU
		{647B87FE-87D1-45E3-9AA6-0B6B0750730D}.AppStore|iPhone.ActiveCfg = Debug|Any CPU
		{647B87FE-87D1-45E3-9AA6-0B6B0750730D}.AppStore|iPhone.Build.0 = Debug|Any CPU
		{647B87FE-87D1-45E3-9AA6-0B6B0750730D}.AppStore|iPhoneSimulator.ActiveCfg = Debug|Any CPU
		{647B87FE-87D1-45E3-9AA6-0B6B0750730D}.AppStore|iPhoneSimulator.Build.0 = Debug|Any CPU
		{647B87FE-87D1-45E3-9AA6-0B6B0750730D}.AppStore|x64.ActiveCfg = Debug|Any CPU
		{647B87FE-87D1-45E3-9AA6-0B6B0750730D}.AppStore|x64.Build.0 = Debug|Any CPU
		{647B87FE-87D1-45E3-9AA6-0B6B0750730D}.AppStore|x86.ActiveCfg = Debug|Any CPU
		{647B87FE-87D1-45E3-9AA6-0B6B0750730D}.AppStore|x86.Build.0 = Debug|Any CPU
		{647B87FE-87D1-45E3-9AA6-0B6B0750730D}.Debug|Any CPU.ActiveCfg = Debug|Any CPU
		{647B87FE-87D1-45E3-9AA6-0B6B0750730D}.Debug|Any CPU.Build.0 = Debug|Any CPU
		{647B87FE-87D1-45E3-9AA6-0B6B0750730D}.Debug|ARM.ActiveCfg = Debug|Any CPU
		{647B87FE-87D1-45E3-9AA6-0B6B0750730D}.Debug|ARM.Build.0 = Debug|Any CPU
		{647B87FE-87D1-45E3-9AA6-0B6B0750730D}.Debug|iPhone.ActiveCfg = Debug|Any CPU
		{647B87FE-87D1-45E3-9AA6-0B6B0750730D}.Debug|iPhone.Build.0 = Debug|Any CPU
		{647B87FE-87D1-45E3-9AA6-0B6B0750730D}.Debug|iPhoneSimulator.ActiveCfg = Debug|Any CPU
		{647B87FE-87D1-45E3-9AA6-0B6B0750730D}.Debug|iPhoneSimulator.Build.0 = Debug|Any CPU
		{647B87FE-87D1-45E3-9AA6-0B6B0750730D}.Debug|x64.ActiveCfg = Debug|Any CPU
		{647B87FE-87D1-45E3-9AA6-0B6B0750730D}.Debug|x64.Build.0 = Debug|Any CPU
		{647B87FE-87D1-45E3-9AA6-0B6B0750730D}.Debug|x86.ActiveCfg = Debug|Any CPU
		{647B87FE-87D1-45E3-9AA6-0B6B0750730D}.Debug|x86.Build.0 = Debug|Any CPU
		{647B87FE-87D1-45E3-9AA6-0B6B0750730D}.Release|Any CPU.ActiveCfg = Release|Any CPU
		{647B87FE-87D1-45E3-9AA6-0B6B0750730D}.Release|Any CPU.Build.0 = Release|Any CPU
		{647B87FE-87D1-45E3-9AA6-0B6B0750730D}.Release|ARM.ActiveCfg = Release|Any CPU
		{647B87FE-87D1-45E3-9AA6-0B6B0750730D}.Release|ARM.Build.0 = Release|Any CPU
		{647B87FE-87D1-45E3-9AA6-0B6B0750730D}.Release|iPhone.ActiveCfg = Release|Any CPU
		{647B87FE-87D1-45E3-9AA6-0B6B0750730D}.Release|iPhone.Build.0 = Release|Any CPU
		{647B87FE-87D1-45E3-9AA6-0B6B0750730D}.Release|iPhoneSimulator.ActiveCfg = Release|Any CPU
		{647B87FE-87D1-45E3-9AA6-0B6B0750730D}.Release|iPhoneSimulator.Build.0 = Release|Any CPU
		{647B87FE-87D1-45E3-9AA6-0B6B0750730D}.Release|x64.ActiveCfg = Release|Any CPU
		{647B87FE-87D1-45E3-9AA6-0B6B0750730D}.Release|x64.Build.0 = Release|Any CPU
		{647B87FE-87D1-45E3-9AA6-0B6B0750730D}.Release|x86.ActiveCfg = Release|Any CPU
		{647B87FE-87D1-45E3-9AA6-0B6B0750730D}.Release|x86.Build.0 = Release|Any CPU
		{5D85FFA3-70A2-4859-A431-9BD310727A2A}.Ad-Hoc|Any CPU.ActiveCfg = Ad-Hoc|iPhone
		{5D85FFA3-70A2-4859-A431-9BD310727A2A}.Ad-Hoc|ARM.ActiveCfg = Ad-Hoc|iPhone
		{5D85FFA3-70A2-4859-A431-9BD310727A2A}.Ad-Hoc|iPhone.ActiveCfg = Ad-Hoc|iPhone
		{5D85FFA3-70A2-4859-A431-9BD310727A2A}.Ad-Hoc|iPhone.Build.0 = Ad-Hoc|iPhone
		{5D85FFA3-70A2-4859-A431-9BD310727A2A}.Ad-Hoc|iPhoneSimulator.ActiveCfg = Ad-Hoc|iPhoneSimulator
		{5D85FFA3-70A2-4859-A431-9BD310727A2A}.Ad-Hoc|iPhoneSimulator.Build.0 = Ad-Hoc|iPhoneSimulator
		{5D85FFA3-70A2-4859-A431-9BD310727A2A}.Ad-Hoc|x64.ActiveCfg = Ad-Hoc|iPhone
		{5D85FFA3-70A2-4859-A431-9BD310727A2A}.Ad-Hoc|x86.ActiveCfg = Ad-Hoc|iPhone
		{5D85FFA3-70A2-4859-A431-9BD310727A2A}.AppStore|Any CPU.ActiveCfg = AppStore|iPhone
		{5D85FFA3-70A2-4859-A431-9BD310727A2A}.AppStore|ARM.ActiveCfg = AppStore|iPhone
		{5D85FFA3-70A2-4859-A431-9BD310727A2A}.AppStore|iPhone.ActiveCfg = AppStore|iPhone
		{5D85FFA3-70A2-4859-A431-9BD310727A2A}.AppStore|iPhone.Build.0 = AppStore|iPhone
		{5D85FFA3-70A2-4859-A431-9BD310727A2A}.AppStore|iPhoneSimulator.ActiveCfg = AppStore|iPhoneSimulator
		{5D85FFA3-70A2-4859-A431-9BD310727A2A}.AppStore|iPhoneSimulator.Build.0 = AppStore|iPhoneSimulator
		{5D85FFA3-70A2-4859-A431-9BD310727A2A}.AppStore|x64.ActiveCfg = AppStore|iPhone
		{5D85FFA3-70A2-4859-A431-9BD310727A2A}.AppStore|x86.ActiveCfg = AppStore|iPhone
		{5D85FFA3-70A2-4859-A431-9BD310727A2A}.Debug|Any CPU.ActiveCfg = Debug|iPhone
		{5D85FFA3-70A2-4859-A431-9BD310727A2A}.Debug|ARM.ActiveCfg = Debug|iPhone
		{5D85FFA3-70A2-4859-A431-9BD310727A2A}.Debug|iPhone.ActiveCfg = Debug|iPhone
		{5D85FFA3-70A2-4859-A431-9BD310727A2A}.Debug|iPhone.Build.0 = Debug|iPhone
		{5D85FFA3-70A2-4859-A431-9BD310727A2A}.Debug|iPhoneSimulator.ActiveCfg = Debug|iPhoneSimulator
		{5D85FFA3-70A2-4859-A431-9BD310727A2A}.Debug|iPhoneSimulator.Build.0 = Debug|iPhoneSimulator
		{5D85FFA3-70A2-4859-A431-9BD310727A2A}.Debug|x64.ActiveCfg = Debug|iPhone
		{5D85FFA3-70A2-4859-A431-9BD310727A2A}.Debug|x86.ActiveCfg = Debug|iPhone
		{5D85FFA3-70A2-4859-A431-9BD310727A2A}.Release|Any CPU.ActiveCfg = Release|iPhone
		{5D85FFA3-70A2-4859-A431-9BD310727A2A}.Release|ARM.ActiveCfg = Release|iPhone
		{5D85FFA3-70A2-4859-A431-9BD310727A2A}.Release|iPhone.ActiveCfg = Release|iPhone
		{5D85FFA3-70A2-4859-A431-9BD310727A2A}.Release|iPhone.Build.0 = Release|iPhone
		{5D85FFA3-70A2-4859-A431-9BD310727A2A}.Release|iPhoneSimulator.ActiveCfg = Release|iPhoneSimulator
		{5D85FFA3-70A2-4859-A431-9BD310727A2A}.Release|iPhoneSimulator.Build.0 = Release|iPhoneSimulator
		{5D85FFA3-70A2-4859-A431-9BD310727A2A}.Release|x64.ActiveCfg = Release|iPhone
		{5D85FFA3-70A2-4859-A431-9BD310727A2A}.Release|x86.ActiveCfg = Release|iPhone
		{A7EC4A92-2DA1-4C08-9EC9-17D8AD9FDC56}.Ad-Hoc|Any CPU.ActiveCfg = Release|x86
		{A7EC4A92-2DA1-4C08-9EC9-17D8AD9FDC56}.Ad-Hoc|Any CPU.Build.0 = Release|x86
		{A7EC4A92-2DA1-4C08-9EC9-17D8AD9FDC56}.Ad-Hoc|Any CPU.Deploy.0 = Release|x86
		{A7EC4A92-2DA1-4C08-9EC9-17D8AD9FDC56}.Ad-Hoc|ARM.ActiveCfg = Release|ARM
		{A7EC4A92-2DA1-4C08-9EC9-17D8AD9FDC56}.Ad-Hoc|ARM.Build.0 = Release|ARM
		{A7EC4A92-2DA1-4C08-9EC9-17D8AD9FDC56}.Ad-Hoc|ARM.Deploy.0 = Release|ARM
		{A7EC4A92-2DA1-4C08-9EC9-17D8AD9FDC56}.Ad-Hoc|iPhone.ActiveCfg = Release|x86
		{A7EC4A92-2DA1-4C08-9EC9-17D8AD9FDC56}.Ad-Hoc|iPhone.Build.0 = Release|x86
		{A7EC4A92-2DA1-4C08-9EC9-17D8AD9FDC56}.Ad-Hoc|iPhone.Deploy.0 = Release|x86
		{A7EC4A92-2DA1-4C08-9EC9-17D8AD9FDC56}.Ad-Hoc|iPhoneSimulator.ActiveCfg = Release|x86
		{A7EC4A92-2DA1-4C08-9EC9-17D8AD9FDC56}.Ad-Hoc|iPhoneSimulator.Build.0 = Release|x86
		{A7EC4A92-2DA1-4C08-9EC9-17D8AD9FDC56}.Ad-Hoc|iPhoneSimulator.Deploy.0 = Release|x86
		{A7EC4A92-2DA1-4C08-9EC9-17D8AD9FDC56}.Ad-Hoc|x64.ActiveCfg = Release|x64
		{A7EC4A92-2DA1-4C08-9EC9-17D8AD9FDC56}.Ad-Hoc|x64.Build.0 = Release|x64
		{A7EC4A92-2DA1-4C08-9EC9-17D8AD9FDC56}.Ad-Hoc|x64.Deploy.0 = Release|x64
		{A7EC4A92-2DA1-4C08-9EC9-17D8AD9FDC56}.Ad-Hoc|x86.ActiveCfg = Release|x86
		{A7EC4A92-2DA1-4C08-9EC9-17D8AD9FDC56}.Ad-Hoc|x86.Build.0 = Release|x86
		{A7EC4A92-2DA1-4C08-9EC9-17D8AD9FDC56}.Ad-Hoc|x86.Deploy.0 = Release|x86
		{A7EC4A92-2DA1-4C08-9EC9-17D8AD9FDC56}.AppStore|Any CPU.ActiveCfg = Release|x86
		{A7EC4A92-2DA1-4C08-9EC9-17D8AD9FDC56}.AppStore|Any CPU.Build.0 = Release|x86
		{A7EC4A92-2DA1-4C08-9EC9-17D8AD9FDC56}.AppStore|Any CPU.Deploy.0 = Release|x86
		{A7EC4A92-2DA1-4C08-9EC9-17D8AD9FDC56}.AppStore|ARM.ActiveCfg = Release|ARM
		{A7EC4A92-2DA1-4C08-9EC9-17D8AD9FDC56}.AppStore|ARM.Build.0 = Release|ARM
		{A7EC4A92-2DA1-4C08-9EC9-17D8AD9FDC56}.AppStore|ARM.Deploy.0 = Release|ARM
		{A7EC4A92-2DA1-4C08-9EC9-17D8AD9FDC56}.AppStore|iPhone.ActiveCfg = Release|x86
		{A7EC4A92-2DA1-4C08-9EC9-17D8AD9FDC56}.AppStore|iPhone.Build.0 = Release|x86
		{A7EC4A92-2DA1-4C08-9EC9-17D8AD9FDC56}.AppStore|iPhone.Deploy.0 = Release|x86
		{A7EC4A92-2DA1-4C08-9EC9-17D8AD9FDC56}.AppStore|iPhoneSimulator.ActiveCfg = Release|x86
		{A7EC4A92-2DA1-4C08-9EC9-17D8AD9FDC56}.AppStore|iPhoneSimulator.Build.0 = Release|x86
		{A7EC4A92-2DA1-4C08-9EC9-17D8AD9FDC56}.AppStore|iPhoneSimulator.Deploy.0 = Release|x86
		{A7EC4A92-2DA1-4C08-9EC9-17D8AD9FDC56}.AppStore|x64.ActiveCfg = Release|x64
		{A7EC4A92-2DA1-4C08-9EC9-17D8AD9FDC56}.AppStore|x64.Build.0 = Release|x64
		{A7EC4A92-2DA1-4C08-9EC9-17D8AD9FDC56}.AppStore|x64.Deploy.0 = Release|x64
		{A7EC4A92-2DA1-4C08-9EC9-17D8AD9FDC56}.AppStore|x86.ActiveCfg = Release|x86
		{A7EC4A92-2DA1-4C08-9EC9-17D8AD9FDC56}.AppStore|x86.Build.0 = Release|x86
		{A7EC4A92-2DA1-4C08-9EC9-17D8AD9FDC56}.AppStore|x86.Deploy.0 = Release|x86
		{A7EC4A92-2DA1-4C08-9EC9-17D8AD9FDC56}.Debug|Any CPU.ActiveCfg = Debug|x86
		{A7EC4A92-2DA1-4C08-9EC9-17D8AD9FDC56}.Debug|ARM.ActiveCfg = Debug|ARM
		{A7EC4A92-2DA1-4C08-9EC9-17D8AD9FDC56}.Debug|ARM.Build.0 = Debug|ARM
		{A7EC4A92-2DA1-4C08-9EC9-17D8AD9FDC56}.Debug|ARM.Deploy.0 = Debug|ARM
		{A7EC4A92-2DA1-4C08-9EC9-17D8AD9FDC56}.Debug|iPhone.ActiveCfg = Debug|x86
		{A7EC4A92-2DA1-4C08-9EC9-17D8AD9FDC56}.Debug|iPhoneSimulator.ActiveCfg = Debug|x86
		{A7EC4A92-2DA1-4C08-9EC9-17D8AD9FDC56}.Debug|x64.ActiveCfg = Debug|x64
		{A7EC4A92-2DA1-4C08-9EC9-17D8AD9FDC56}.Debug|x64.Build.0 = Debug|x64
		{A7EC4A92-2DA1-4C08-9EC9-17D8AD9FDC56}.Debug|x64.Deploy.0 = Debug|x64
		{A7EC4A92-2DA1-4C08-9EC9-17D8AD9FDC56}.Debug|x86.ActiveCfg = Debug|x86
		{A7EC4A92-2DA1-4C08-9EC9-17D8AD9FDC56}.Debug|x86.Build.0 = Debug|x86
		{A7EC4A92-2DA1-4C08-9EC9-17D8AD9FDC56}.Debug|x86.Deploy.0 = Debug|x86
		{A7EC4A92-2DA1-4C08-9EC9-17D8AD9FDC56}.Release|Any CPU.ActiveCfg = Release|x86
		{A7EC4A92-2DA1-4C08-9EC9-17D8AD9FDC56}.Release|ARM.ActiveCfg = Release|ARM
		{A7EC4A92-2DA1-4C08-9EC9-17D8AD9FDC56}.Release|ARM.Build.0 = Release|ARM
		{A7EC4A92-2DA1-4C08-9EC9-17D8AD9FDC56}.Release|ARM.Deploy.0 = Release|ARM
		{A7EC4A92-2DA1-4C08-9EC9-17D8AD9FDC56}.Release|iPhone.ActiveCfg = Release|x86
		{A7EC4A92-2DA1-4C08-9EC9-17D8AD9FDC56}.Release|iPhoneSimulator.ActiveCfg = Release|x86
		{A7EC4A92-2DA1-4C08-9EC9-17D8AD9FDC56}.Release|x64.ActiveCfg = Release|x64
		{A7EC4A92-2DA1-4C08-9EC9-17D8AD9FDC56}.Release|x64.Build.0 = Release|x64
		{A7EC4A92-2DA1-4C08-9EC9-17D8AD9FDC56}.Release|x64.Deploy.0 = Release|x64
		{A7EC4A92-2DA1-4C08-9EC9-17D8AD9FDC56}.Release|x86.ActiveCfg = Release|x86
		{A7EC4A92-2DA1-4C08-9EC9-17D8AD9FDC56}.Release|x86.Build.0 = Release|x86
		{A7EC4A92-2DA1-4C08-9EC9-17D8AD9FDC56}.Release|x86.Deploy.0 = Release|x86
		{B5A92319-D9EB-413B-BEF1-DC945746D63B}.Ad-Hoc|Any CPU.ActiveCfg = Release|Any CPU
		{B5A92319-D9EB-413B-BEF1-DC945746D63B}.Ad-Hoc|Any CPU.Build.0 = Release|Any CPU
		{B5A92319-D9EB-413B-BEF1-DC945746D63B}.Ad-Hoc|ARM.ActiveCfg = Release|Any CPU
		{B5A92319-D9EB-413B-BEF1-DC945746D63B}.Ad-Hoc|ARM.Build.0 = Release|Any CPU
		{B5A92319-D9EB-413B-BEF1-DC945746D63B}.Ad-Hoc|iPhone.ActiveCfg = Release|Any CPU
		{B5A92319-D9EB-413B-BEF1-DC945746D63B}.Ad-Hoc|iPhone.Build.0 = Release|Any CPU
		{B5A92319-D9EB-413B-BEF1-DC945746D63B}.Ad-Hoc|iPhoneSimulator.ActiveCfg = Release|Any CPU
		{B5A92319-D9EB-413B-BEF1-DC945746D63B}.Ad-Hoc|iPhoneSimulator.Build.0 = Release|Any CPU
		{B5A92319-D9EB-413B-BEF1-DC945746D63B}.Ad-Hoc|x64.ActiveCfg = Release|Any CPU
		{B5A92319-D9EB-413B-BEF1-DC945746D63B}.Ad-Hoc|x64.Build.0 = Release|Any CPU
		{B5A92319-D9EB-413B-BEF1-DC945746D63B}.Ad-Hoc|x86.ActiveCfg = Release|Any CPU
		{B5A92319-D9EB-413B-BEF1-DC945746D63B}.Ad-Hoc|x86.Build.0 = Release|Any CPU
		{B5A92319-D9EB-413B-BEF1-DC945746D63B}.AppStore|Any CPU.ActiveCfg = Release|Any CPU
		{B5A92319-D9EB-413B-BEF1-DC945746D63B}.AppStore|Any CPU.Build.0 = Release|Any CPU
		{B5A92319-D9EB-413B-BEF1-DC945746D63B}.AppStore|ARM.ActiveCfg = Release|Any CPU
		{B5A92319-D9EB-413B-BEF1-DC945746D63B}.AppStore|ARM.Build.0 = Release|Any CPU
		{B5A92319-D9EB-413B-BEF1-DC945746D63B}.AppStore|iPhone.ActiveCfg = Release|Any CPU
		{B5A92319-D9EB-413B-BEF1-DC945746D63B}.AppStore|iPhone.Build.0 = Release|Any CPU
		{B5A92319-D9EB-413B-BEF1-DC945746D63B}.AppStore|iPhoneSimulator.ActiveCfg = Release|Any CPU
		{B5A92319-D9EB-413B-BEF1-DC945746D63B}.AppStore|iPhoneSimulator.Build.0 = Release|Any CPU
		{B5A92319-D9EB-413B-BEF1-DC945746D63B}.AppStore|x64.ActiveCfg = Release|Any CPU
		{B5A92319-D9EB-413B-BEF1-DC945746D63B}.AppStore|x64.Build.0 = Release|Any CPU
		{B5A92319-D9EB-413B-BEF1-DC945746D63B}.AppStore|x86.ActiveCfg = Release|Any CPU
		{B5A92319-D9EB-413B-BEF1-DC945746D63B}.AppStore|x86.Build.0 = Release|Any CPU
		{B5A92319-D9EB-413B-BEF1-DC945746D63B}.Debug|Any CPU.ActiveCfg = Debug|Any CPU
		{B5A92319-D9EB-413B-BEF1-DC945746D63B}.Debug|Any CPU.Build.0 = Debug|Any CPU
		{B5A92319-D9EB-413B-BEF1-DC945746D63B}.Debug|ARM.ActiveCfg = Debug|Any CPU
		{B5A92319-D9EB-413B-BEF1-DC945746D63B}.Debug|ARM.Build.0 = Debug|Any CPU
		{B5A92319-D9EB-413B-BEF1-DC945746D63B}.Debug|iPhone.ActiveCfg = Debug|Any CPU
		{B5A92319-D9EB-413B-BEF1-DC945746D63B}.Debug|iPhone.Build.0 = Debug|Any CPU
		{B5A92319-D9EB-413B-BEF1-DC945746D63B}.Debug|iPhoneSimulator.ActiveCfg = Debug|Any CPU
		{B5A92319-D9EB-413B-BEF1-DC945746D63B}.Debug|iPhoneSimulator.Build.0 = Debug|Any CPU
		{B5A92319-D9EB-413B-BEF1-DC945746D63B}.Debug|x64.ActiveCfg = Debug|Any CPU
		{B5A92319-D9EB-413B-BEF1-DC945746D63B}.Debug|x64.Build.0 = Debug|Any CPU
		{B5A92319-D9EB-413B-BEF1-DC945746D63B}.Debug|x86.ActiveCfg = Debug|Any CPU
		{B5A92319-D9EB-413B-BEF1-DC945746D63B}.Debug|x86.Build.0 = Debug|Any CPU
		{B5A92319-D9EB-413B-BEF1-DC945746D63B}.Release|Any CPU.ActiveCfg = Release|Any CPU
		{B5A92319-D9EB-413B-BEF1-DC945746D63B}.Release|Any CPU.Build.0 = Release|Any CPU
		{B5A92319-D9EB-413B-BEF1-DC945746D63B}.Release|ARM.ActiveCfg = Release|Any CPU
		{B5A92319-D9EB-413B-BEF1-DC945746D63B}.Release|ARM.Build.0 = Release|Any CPU
		{B5A92319-D9EB-413B-BEF1-DC945746D63B}.Release|iPhone.ActiveCfg = Release|Any CPU
		{B5A92319-D9EB-413B-BEF1-DC945746D63B}.Release|iPhone.Build.0 = Release|Any CPU
		{B5A92319-D9EB-413B-BEF1-DC945746D63B}.Release|iPhoneSimulator.ActiveCfg = Release|Any CPU
		{B5A92319-D9EB-413B-BEF1-DC945746D63B}.Release|iPhoneSimulator.Build.0 = Release|Any CPU
		{B5A92319-D9EB-413B-BEF1-DC945746D63B}.Release|x64.ActiveCfg = Release|Any CPU
		{B5A92319-D9EB-413B-BEF1-DC945746D63B}.Release|x64.Build.0 = Release|Any CPU
		{B5A92319-D9EB-413B-BEF1-DC945746D63B}.Release|x86.ActiveCfg = Release|Any CPU
		{B5A92319-D9EB-413B-BEF1-DC945746D63B}.Release|x86.Build.0 = Release|Any CPU
		{5910AC7D-60C7-42EE-AD9A-752B9D8F997B}.Ad-Hoc|Any CPU.ActiveCfg = Release|Any CPU
		{5910AC7D-60C7-42EE-AD9A-752B9D8F997B}.Ad-Hoc|Any CPU.Build.0 = Release|Any CPU
		{5910AC7D-60C7-42EE-AD9A-752B9D8F997B}.Ad-Hoc|ARM.ActiveCfg = Release|Any CPU
		{5910AC7D-60C7-42EE-AD9A-752B9D8F997B}.Ad-Hoc|ARM.Build.0 = Release|Any CPU
		{5910AC7D-60C7-42EE-AD9A-752B9D8F997B}.Ad-Hoc|iPhone.ActiveCfg = Release|Any CPU
		{5910AC7D-60C7-42EE-AD9A-752B9D8F997B}.Ad-Hoc|iPhone.Build.0 = Release|Any CPU
		{5910AC7D-60C7-42EE-AD9A-752B9D8F997B}.Ad-Hoc|iPhoneSimulator.ActiveCfg = Release|Any CPU
		{5910AC7D-60C7-42EE-AD9A-752B9D8F997B}.Ad-Hoc|iPhoneSimulator.Build.0 = Release|Any CPU
		{5910AC7D-60C7-42EE-AD9A-752B9D8F997B}.Ad-Hoc|x64.ActiveCfg = Release|Any CPU
		{5910AC7D-60C7-42EE-AD9A-752B9D8F997B}.Ad-Hoc|x64.Build.0 = Release|Any CPU
		{5910AC7D-60C7-42EE-AD9A-752B9D8F997B}.Ad-Hoc|x86.ActiveCfg = Release|Any CPU
		{5910AC7D-60C7-42EE-AD9A-752B9D8F997B}.Ad-Hoc|x86.Build.0 = Release|Any CPU
		{5910AC7D-60C7-42EE-AD9A-752B9D8F997B}.AppStore|Any CPU.ActiveCfg = Release|Any CPU
		{5910AC7D-60C7-42EE-AD9A-752B9D8F997B}.AppStore|Any CPU.Build.0 = Release|Any CPU
		{5910AC7D-60C7-42EE-AD9A-752B9D8F997B}.AppStore|ARM.ActiveCfg = Release|Any CPU
		{5910AC7D-60C7-42EE-AD9A-752B9D8F997B}.AppStore|ARM.Build.0 = Release|Any CPU
		{5910AC7D-60C7-42EE-AD9A-752B9D8F997B}.AppStore|iPhone.ActiveCfg = Release|Any CPU
		{5910AC7D-60C7-42EE-AD9A-752B9D8F997B}.AppStore|iPhone.Build.0 = Release|Any CPU
		{5910AC7D-60C7-42EE-AD9A-752B9D8F997B}.AppStore|iPhoneSimulator.ActiveCfg = Release|Any CPU
		{5910AC7D-60C7-42EE-AD9A-752B9D8F997B}.AppStore|iPhoneSimulator.Build.0 = Release|Any CPU
		{5910AC7D-60C7-42EE-AD9A-752B9D8F997B}.AppStore|x64.ActiveCfg = Release|Any CPU
		{5910AC7D-60C7-42EE-AD9A-752B9D8F997B}.AppStore|x64.Build.0 = Release|Any CPU
		{5910AC7D-60C7-42EE-AD9A-752B9D8F997B}.AppStore|x86.ActiveCfg = Release|Any CPU
		{5910AC7D-60C7-42EE-AD9A-752B9D8F997B}.AppStore|x86.Build.0 = Release|Any CPU
		{5910AC7D-60C7-42EE-AD9A-752B9D8F997B}.Debug|Any CPU.ActiveCfg = Debug|Any CPU
		{5910AC7D-60C7-42EE-AD9A-752B9D8F997B}.Debug|Any CPU.Build.0 = Debug|Any CPU
		{5910AC7D-60C7-42EE-AD9A-752B9D8F997B}.Debug|ARM.ActiveCfg = Debug|Any CPU
		{5910AC7D-60C7-42EE-AD9A-752B9D8F997B}.Debug|ARM.Build.0 = Debug|Any CPU
		{5910AC7D-60C7-42EE-AD9A-752B9D8F997B}.Debug|iPhone.ActiveCfg = Debug|Any CPU
		{5910AC7D-60C7-42EE-AD9A-752B9D8F997B}.Debug|iPhone.Build.0 = Debug|Any CPU
		{5910AC7D-60C7-42EE-AD9A-752B9D8F997B}.Debug|iPhoneSimulator.ActiveCfg = Debug|Any CPU
		{5910AC7D-60C7-42EE-AD9A-752B9D8F997B}.Debug|iPhoneSimulator.Build.0 = Debug|Any CPU
		{5910AC7D-60C7-42EE-AD9A-752B9D8F997B}.Debug|x64.ActiveCfg = Debug|Any CPU
		{5910AC7D-60C7-42EE-AD9A-752B9D8F997B}.Debug|x64.Build.0 = Debug|Any CPU
		{5910AC7D-60C7-42EE-AD9A-752B9D8F997B}.Debug|x86.ActiveCfg = Debug|Any CPU
		{5910AC7D-60C7-42EE-AD9A-752B9D8F997B}.Debug|x86.Build.0 = Debug|Any CPU
		{5910AC7D-60C7-42EE-AD9A-752B9D8F997B}.Release|Any CPU.ActiveCfg = Release|Any CPU
		{5910AC7D-60C7-42EE-AD9A-752B9D8F997B}.Release|Any CPU.Build.0 = Release|Any CPU
		{5910AC7D-60C7-42EE-AD9A-752B9D8F997B}.Release|ARM.ActiveCfg = Release|Any CPU
		{5910AC7D-60C7-42EE-AD9A-752B9D8F997B}.Release|ARM.Build.0 = Release|Any CPU
		{5910AC7D-60C7-42EE-AD9A-752B9D8F997B}.Release|iPhone.ActiveCfg = Release|Any CPU
		{5910AC7D-60C7-42EE-AD9A-752B9D8F997B}.Release|iPhone.Build.0 = Release|Any CPU
		{5910AC7D-60C7-42EE-AD9A-752B9D8F997B}.Release|iPhoneSimulator.ActiveCfg = Release|Any CPU
		{5910AC7D-60C7-42EE-AD9A-752B9D8F997B}.Release|iPhoneSimulator.Build.0 = Release|Any CPU
		{5910AC7D-60C7-42EE-AD9A-752B9D8F997B}.Release|x64.ActiveCfg = Release|Any CPU
		{5910AC7D-60C7-42EE-AD9A-752B9D8F997B}.Release|x64.Build.0 = Release|Any CPU
		{5910AC7D-60C7-42EE-AD9A-752B9D8F997B}.Release|x86.ActiveCfg = Release|Any CPU
		{5910AC7D-60C7-42EE-AD9A-752B9D8F997B}.Release|x86.Build.0 = Release|Any CPU
		{B12B2F4E-3E27-4417-A228-139D317DE82A}.Ad-Hoc|Any CPU.ActiveCfg = Release|Any CPU
		{B12B2F4E-3E27-4417-A228-139D317DE82A}.Ad-Hoc|Any CPU.Build.0 = Release|Any CPU
		{B12B2F4E-3E27-4417-A228-139D317DE82A}.Ad-Hoc|ARM.ActiveCfg = Release|Any CPU
		{B12B2F4E-3E27-4417-A228-139D317DE82A}.Ad-Hoc|ARM.Build.0 = Release|Any CPU
		{B12B2F4E-3E27-4417-A228-139D317DE82A}.Ad-Hoc|iPhone.ActiveCfg = Release|Any CPU
		{B12B2F4E-3E27-4417-A228-139D317DE82A}.Ad-Hoc|iPhone.Build.0 = Release|Any CPU
		{B12B2F4E-3E27-4417-A228-139D317DE82A}.Ad-Hoc|iPhoneSimulator.ActiveCfg = Release|Any CPU
		{B12B2F4E-3E27-4417-A228-139D317DE82A}.Ad-Hoc|iPhoneSimulator.Build.0 = Release|Any CPU
		{B12B2F4E-3E27-4417-A228-139D317DE82A}.Ad-Hoc|x64.ActiveCfg = Release|Any CPU
		{B12B2F4E-3E27-4417-A228-139D317DE82A}.Ad-Hoc|x64.Build.0 = Release|Any CPU
		{B12B2F4E-3E27-4417-A228-139D317DE82A}.Ad-Hoc|x86.ActiveCfg = Release|Any CPU
		{B12B2F4E-3E27-4417-A228-139D317DE82A}.Ad-Hoc|x86.Build.0 = Release|Any CPU
		{B12B2F4E-3E27-4417-A228-139D317DE82A}.AppStore|Any CPU.ActiveCfg = Release|Any CPU
		{B12B2F4E-3E27-4417-A228-139D317DE82A}.AppStore|Any CPU.Build.0 = Release|Any CPU
		{B12B2F4E-3E27-4417-A228-139D317DE82A}.AppStore|ARM.ActiveCfg = Release|Any CPU
		{B12B2F4E-3E27-4417-A228-139D317DE82A}.AppStore|ARM.Build.0 = Release|Any CPU
		{B12B2F4E-3E27-4417-A228-139D317DE82A}.AppStore|iPhone.ActiveCfg = Release|Any CPU
		{B12B2F4E-3E27-4417-A228-139D317DE82A}.AppStore|iPhone.Build.0 = Release|Any CPU
		{B12B2F4E-3E27-4417-A228-139D317DE82A}.AppStore|iPhoneSimulator.ActiveCfg = Release|Any CPU
		{B12B2F4E-3E27-4417-A228-139D317DE82A}.AppStore|iPhoneSimulator.Build.0 = Release|Any CPU
		{B12B2F4E-3E27-4417-A228-139D317DE82A}.AppStore|x64.ActiveCfg = Release|Any CPU
		{B12B2F4E-3E27-4417-A228-139D317DE82A}.AppStore|x64.Build.0 = Release|Any CPU
		{B12B2F4E-3E27-4417-A228-139D317DE82A}.AppStore|x86.ActiveCfg = Release|Any CPU
		{B12B2F4E-3E27-4417-A228-139D317DE82A}.AppStore|x86.Build.0 = Release|Any CPU
		{B12B2F4E-3E27-4417-A228-139D317DE82A}.Debug|Any CPU.ActiveCfg = Debug|Any CPU
		{B12B2F4E-3E27-4417-A228-139D317DE82A}.Debug|Any CPU.Build.0 = Debug|Any CPU
		{B12B2F4E-3E27-4417-A228-139D317DE82A}.Debug|Any CPU.Deploy.0 = Debug|Any CPU
		{B12B2F4E-3E27-4417-A228-139D317DE82A}.Debug|ARM.ActiveCfg = Debug|Any CPU
		{B12B2F4E-3E27-4417-A228-139D317DE82A}.Debug|ARM.Build.0 = Debug|Any CPU
		{B12B2F4E-3E27-4417-A228-139D317DE82A}.Debug|iPhone.ActiveCfg = Debug|Any CPU
		{B12B2F4E-3E27-4417-A228-139D317DE82A}.Debug|iPhone.Build.0 = Debug|Any CPU
		{B12B2F4E-3E27-4417-A228-139D317DE82A}.Debug|iPhoneSimulator.ActiveCfg = Debug|Any CPU
		{B12B2F4E-3E27-4417-A228-139D317DE82A}.Debug|iPhoneSimulator.Build.0 = Debug|Any CPU
		{B12B2F4E-3E27-4417-A228-139D317DE82A}.Debug|x64.ActiveCfg = Debug|Any CPU
		{B12B2F4E-3E27-4417-A228-139D317DE82A}.Debug|x64.Build.0 = Debug|Any CPU
		{B12B2F4E-3E27-4417-A228-139D317DE82A}.Debug|x86.ActiveCfg = Debug|Any CPU
		{B12B2F4E-3E27-4417-A228-139D317DE82A}.Debug|x86.Build.0 = Debug|Any CPU
		{B12B2F4E-3E27-4417-A228-139D317DE82A}.Release|Any CPU.ActiveCfg = Release|Any CPU
		{B12B2F4E-3E27-4417-A228-139D317DE82A}.Release|Any CPU.Build.0 = Release|Any CPU
		{B12B2F4E-3E27-4417-A228-139D317DE82A}.Release|Any CPU.Deploy.0 = Release|Any CPU
		{B12B2F4E-3E27-4417-A228-139D317DE82A}.Release|ARM.ActiveCfg = Release|Any CPU
		{B12B2F4E-3E27-4417-A228-139D317DE82A}.Release|ARM.Build.0 = Release|Any CPU
		{B12B2F4E-3E27-4417-A228-139D317DE82A}.Release|iPhone.ActiveCfg = Release|Any CPU
		{B12B2F4E-3E27-4417-A228-139D317DE82A}.Release|iPhone.Build.0 = Release|Any CPU
		{B12B2F4E-3E27-4417-A228-139D317DE82A}.Release|iPhoneSimulator.ActiveCfg = Release|Any CPU
		{B12B2F4E-3E27-4417-A228-139D317DE82A}.Release|iPhoneSimulator.Build.0 = Release|Any CPU
		{B12B2F4E-3E27-4417-A228-139D317DE82A}.Release|x64.ActiveCfg = Release|Any CPU
		{B12B2F4E-3E27-4417-A228-139D317DE82A}.Release|x64.Build.0 = Release|Any CPU
		{B12B2F4E-3E27-4417-A228-139D317DE82A}.Release|x86.ActiveCfg = Release|Any CPU
		{B12B2F4E-3E27-4417-A228-139D317DE82A}.Release|x86.Build.0 = Release|Any CPU
		{27DAF574-F6E6-41FE-9DD3-789D276BA471}.Ad-Hoc|Any CPU.ActiveCfg = Release|Any CPU
		{27DAF574-F6E6-41FE-9DD3-789D276BA471}.Ad-Hoc|Any CPU.Build.0 = Release|Any CPU
		{27DAF574-F6E6-41FE-9DD3-789D276BA471}.Ad-Hoc|ARM.ActiveCfg = Release|Any CPU
		{27DAF574-F6E6-41FE-9DD3-789D276BA471}.Ad-Hoc|ARM.Build.0 = Release|Any CPU
		{27DAF574-F6E6-41FE-9DD3-789D276BA471}.Ad-Hoc|iPhone.ActiveCfg = Release|Any CPU
		{27DAF574-F6E6-41FE-9DD3-789D276BA471}.Ad-Hoc|iPhone.Build.0 = Release|Any CPU
		{27DAF574-F6E6-41FE-9DD3-789D276BA471}.Ad-Hoc|iPhoneSimulator.ActiveCfg = Release|Any CPU
		{27DAF574-F6E6-41FE-9DD3-789D276BA471}.Ad-Hoc|iPhoneSimulator.Build.0 = Release|Any CPU
		{27DAF574-F6E6-41FE-9DD3-789D276BA471}.Ad-Hoc|x64.ActiveCfg = Release|Any CPU
		{27DAF574-F6E6-41FE-9DD3-789D276BA471}.Ad-Hoc|x64.Build.0 = Release|Any CPU
		{27DAF574-F6E6-41FE-9DD3-789D276BA471}.Ad-Hoc|x86.ActiveCfg = Release|Any CPU
		{27DAF574-F6E6-41FE-9DD3-789D276BA471}.Ad-Hoc|x86.Build.0 = Release|Any CPU
		{27DAF574-F6E6-41FE-9DD3-789D276BA471}.AppStore|Any CPU.ActiveCfg = Release|Any CPU
		{27DAF574-F6E6-41FE-9DD3-789D276BA471}.AppStore|Any CPU.Build.0 = Release|Any CPU
		{27DAF574-F6E6-41FE-9DD3-789D276BA471}.AppStore|ARM.ActiveCfg = Release|Any CPU
		{27DAF574-F6E6-41FE-9DD3-789D276BA471}.AppStore|ARM.Build.0 = Release|Any CPU
		{27DAF574-F6E6-41FE-9DD3-789D276BA471}.AppStore|iPhone.ActiveCfg = Release|Any CPU
		{27DAF574-F6E6-41FE-9DD3-789D276BA471}.AppStore|iPhone.Build.0 = Release|Any CPU
		{27DAF574-F6E6-41FE-9DD3-789D276BA471}.AppStore|iPhoneSimulator.ActiveCfg = Release|Any CPU
		{27DAF574-F6E6-41FE-9DD3-789D276BA471}.AppStore|iPhoneSimulator.Build.0 = Release|Any CPU
		{27DAF574-F6E6-41FE-9DD3-789D276BA471}.AppStore|x64.ActiveCfg = Release|Any CPU
		{27DAF574-F6E6-41FE-9DD3-789D276BA471}.AppStore|x64.Build.0 = Release|Any CPU
		{27DAF574-F6E6-41FE-9DD3-789D276BA471}.AppStore|x86.ActiveCfg = Release|Any CPU
		{27DAF574-F6E6-41FE-9DD3-789D276BA471}.AppStore|x86.Build.0 = Release|Any CPU
		{27DAF574-F6E6-41FE-9DD3-789D276BA471}.Debug|Any CPU.ActiveCfg = Debug|Any CPU
		{27DAF574-F6E6-41FE-9DD3-789D276BA471}.Debug|Any CPU.Build.0 = Debug|Any CPU
		{27DAF574-F6E6-41FE-9DD3-789D276BA471}.Debug|ARM.ActiveCfg = Debug|Any CPU
		{27DAF574-F6E6-41FE-9DD3-789D276BA471}.Debug|ARM.Build.0 = Debug|Any CPU
		{27DAF574-F6E6-41FE-9DD3-789D276BA471}.Debug|iPhone.ActiveCfg = Debug|Any CPU
		{27DAF574-F6E6-41FE-9DD3-789D276BA471}.Debug|iPhone.Build.0 = Debug|Any CPU
		{27DAF574-F6E6-41FE-9DD3-789D276BA471}.Debug|iPhoneSimulator.ActiveCfg = Debug|Any CPU
		{27DAF574-F6E6-41FE-9DD3-789D276BA471}.Debug|iPhoneSimulator.Build.0 = Debug|Any CPU
		{27DAF574-F6E6-41FE-9DD3-789D276BA471}.Debug|x64.ActiveCfg = Debug|Any CPU
		{27DAF574-F6E6-41FE-9DD3-789D276BA471}.Debug|x64.Build.0 = Debug|Any CPU
		{27DAF574-F6E6-41FE-9DD3-789D276BA471}.Debug|x86.ActiveCfg = Debug|Any CPU
		{27DAF574-F6E6-41FE-9DD3-789D276BA471}.Debug|x86.Build.0 = Debug|Any CPU
		{27DAF574-F6E6-41FE-9DD3-789D276BA471}.Release|Any CPU.ActiveCfg = Release|Any CPU
		{27DAF574-F6E6-41FE-9DD3-789D276BA471}.Release|Any CPU.Build.0 = Release|Any CPU
		{27DAF574-F6E6-41FE-9DD3-789D276BA471}.Release|ARM.ActiveCfg = Release|Any CPU
		{27DAF574-F6E6-41FE-9DD3-789D276BA471}.Release|ARM.Build.0 = Release|Any CPU
		{27DAF574-F6E6-41FE-9DD3-789D276BA471}.Release|iPhone.ActiveCfg = Release|Any CPU
		{27DAF574-F6E6-41FE-9DD3-789D276BA471}.Release|iPhone.Build.0 = Release|Any CPU
		{27DAF574-F6E6-41FE-9DD3-789D276BA471}.Release|iPhoneSimulator.ActiveCfg = Release|Any CPU
		{27DAF574-F6E6-41FE-9DD3-789D276BA471}.Release|iPhoneSimulator.Build.0 = Release|Any CPU
		{27DAF574-F6E6-41FE-9DD3-789D276BA471}.Release|x64.ActiveCfg = Release|Any CPU
		{27DAF574-F6E6-41FE-9DD3-789D276BA471}.Release|x64.Build.0 = Release|Any CPU
		{27DAF574-F6E6-41FE-9DD3-789D276BA471}.Release|x86.ActiveCfg = Release|Any CPU
		{27DAF574-F6E6-41FE-9DD3-789D276BA471}.Release|x86.Build.0 = Release|Any CPU
		{E245A966-B2E6-4404-A57A-D7BAE911391D}.Ad-Hoc|Any CPU.ActiveCfg = Release|x64
		{E245A966-B2E6-4404-A57A-D7BAE911391D}.Ad-Hoc|Any CPU.Build.0 = Release|x64
		{E245A966-B2E6-4404-A57A-D7BAE911391D}.Ad-Hoc|Any CPU.Deploy.0 = Release|x64
		{E245A966-B2E6-4404-A57A-D7BAE911391D}.Ad-Hoc|ARM.ActiveCfg = Release|ARM
		{E245A966-B2E6-4404-A57A-D7BAE911391D}.Ad-Hoc|ARM.Build.0 = Release|ARM
		{E245A966-B2E6-4404-A57A-D7BAE911391D}.Ad-Hoc|ARM.Deploy.0 = Release|ARM
		{E245A966-B2E6-4404-A57A-D7BAE911391D}.Ad-Hoc|ARM64.ActiveCfg = Release|ARM64
		{E245A966-B2E6-4404-A57A-D7BAE911391D}.Ad-Hoc|ARM64.Build.0 = Release|ARM64
		{E245A966-B2E6-4404-A57A-D7BAE911391D}.Ad-Hoc|ARM64.Deploy.0 = Release|ARM64
		{E245A966-B2E6-4404-A57A-D7BAE911391D}.Ad-Hoc|iPhone.ActiveCfg = Release|x64
		{E245A966-B2E6-4404-A57A-D7BAE911391D}.Ad-Hoc|iPhone.Build.0 = Release|x64
		{E245A966-B2E6-4404-A57A-D7BAE911391D}.Ad-Hoc|iPhone.Deploy.0 = Release|x64
		{E245A966-B2E6-4404-A57A-D7BAE911391D}.Ad-Hoc|iPhoneSimulator.ActiveCfg = Release|x64
		{E245A966-B2E6-4404-A57A-D7BAE911391D}.Ad-Hoc|iPhoneSimulator.Build.0 = Release|x64
		{E245A966-B2E6-4404-A57A-D7BAE911391D}.Ad-Hoc|iPhoneSimulator.Deploy.0 = Release|x64
		{E245A966-B2E6-4404-A57A-D7BAE911391D}.Ad-Hoc|x64.ActiveCfg = Release|x64
		{E245A966-B2E6-4404-A57A-D7BAE911391D}.Ad-Hoc|x64.Build.0 = Release|x64
		{E245A966-B2E6-4404-A57A-D7BAE911391D}.Ad-Hoc|x64.Deploy.0 = Release|x64
		{E245A966-B2E6-4404-A57A-D7BAE911391D}.Ad-Hoc|x86.ActiveCfg = Release|x86
		{E245A966-B2E6-4404-A57A-D7BAE911391D}.Ad-Hoc|x86.Build.0 = Release|x86
		{E245A966-B2E6-4404-A57A-D7BAE911391D}.Ad-Hoc|x86.Deploy.0 = Release|x86
		{E245A966-B2E6-4404-A57A-D7BAE911391D}.AppStore|Any CPU.ActiveCfg = Release|x64
		{E245A966-B2E6-4404-A57A-D7BAE911391D}.AppStore|Any CPU.Build.0 = Release|x64
		{E245A966-B2E6-4404-A57A-D7BAE911391D}.AppStore|Any CPU.Deploy.0 = Release|x64
		{E245A966-B2E6-4404-A57A-D7BAE911391D}.AppStore|ARM.ActiveCfg = Release|ARM
		{E245A966-B2E6-4404-A57A-D7BAE911391D}.AppStore|ARM.Build.0 = Release|ARM
		{E245A966-B2E6-4404-A57A-D7BAE911391D}.AppStore|ARM.Deploy.0 = Release|ARM
		{E245A966-B2E6-4404-A57A-D7BAE911391D}.AppStore|ARM64.ActiveCfg = Release|ARM64
		{E245A966-B2E6-4404-A57A-D7BAE911391D}.AppStore|ARM64.Build.0 = Release|ARM64
		{E245A966-B2E6-4404-A57A-D7BAE911391D}.AppStore|ARM64.Deploy.0 = Release|ARM64
		{E245A966-B2E6-4404-A57A-D7BAE911391D}.AppStore|iPhone.ActiveCfg = Release|x64
		{E245A966-B2E6-4404-A57A-D7BAE911391D}.AppStore|iPhone.Build.0 = Release|x64
		{E245A966-B2E6-4404-A57A-D7BAE911391D}.AppStore|iPhone.Deploy.0 = Release|x64
		{E245A966-B2E6-4404-A57A-D7BAE911391D}.AppStore|iPhoneSimulator.ActiveCfg = Release|x64
		{E245A966-B2E6-4404-A57A-D7BAE911391D}.AppStore|iPhoneSimulator.Build.0 = Release|x64
		{E245A966-B2E6-4404-A57A-D7BAE911391D}.AppStore|iPhoneSimulator.Deploy.0 = Release|x64
		{E245A966-B2E6-4404-A57A-D7BAE911391D}.AppStore|x64.ActiveCfg = Release|x64
		{E245A966-B2E6-4404-A57A-D7BAE911391D}.AppStore|x64.Build.0 = Release|x64
		{E245A966-B2E6-4404-A57A-D7BAE911391D}.AppStore|x64.Deploy.0 = Release|x64
		{E245A966-B2E6-4404-A57A-D7BAE911391D}.AppStore|x86.ActiveCfg = Release|x86
		{E245A966-B2E6-4404-A57A-D7BAE911391D}.AppStore|x86.Build.0 = Release|x86
		{E245A966-B2E6-4404-A57A-D7BAE911391D}.AppStore|x86.Deploy.0 = Release|x86
		{E245A966-B2E6-4404-A57A-D7BAE911391D}.Debug|Any CPU.ActiveCfg = Debug|x86
		{E245A966-B2E6-4404-A57A-D7BAE911391D}.Debug|ARM.ActiveCfg = Debug|ARM
		{E245A966-B2E6-4404-A57A-D7BAE911391D}.Debug|ARM.Build.0 = Debug|ARM
		{E245A966-B2E6-4404-A57A-D7BAE911391D}.Debug|ARM.Deploy.0 = Debug|ARM
		{E245A966-B2E6-4404-A57A-D7BAE911391D}.Debug|ARM64.ActiveCfg = Debug|ARM64
		{E245A966-B2E6-4404-A57A-D7BAE911391D}.Debug|ARM64.Build.0 = Debug|ARM64
		{E245A966-B2E6-4404-A57A-D7BAE911391D}.Debug|ARM64.Deploy.0 = Debug|ARM64
		{E245A966-B2E6-4404-A57A-D7BAE911391D}.Debug|iPhone.ActiveCfg = Debug|x86
		{E245A966-B2E6-4404-A57A-D7BAE911391D}.Debug|iPhoneSimulator.ActiveCfg = Debug|x86
		{E245A966-B2E6-4404-A57A-D7BAE911391D}.Debug|x64.ActiveCfg = Debug|x64
		{E245A966-B2E6-4404-A57A-D7BAE911391D}.Debug|x64.Build.0 = Debug|x64
		{E245A966-B2E6-4404-A57A-D7BAE911391D}.Debug|x64.Deploy.0 = Debug|x64
		{E245A966-B2E6-4404-A57A-D7BAE911391D}.Debug|x86.ActiveCfg = Debug|x86
		{E245A966-B2E6-4404-A57A-D7BAE911391D}.Debug|x86.Build.0 = Debug|x86
		{E245A966-B2E6-4404-A57A-D7BAE911391D}.Debug|x86.Deploy.0 = Debug|x86
		{E245A966-B2E6-4404-A57A-D7BAE911391D}.Release|Any CPU.ActiveCfg = Release|x86
		{E245A966-B2E6-4404-A57A-D7BAE911391D}.Release|ARM.ActiveCfg = Release|ARM
		{E245A966-B2E6-4404-A57A-D7BAE911391D}.Release|ARM.Build.0 = Release|ARM
		{E245A966-B2E6-4404-A57A-D7BAE911391D}.Release|ARM.Deploy.0 = Release|ARM
		{E245A966-B2E6-4404-A57A-D7BAE911391D}.Release|ARM64.ActiveCfg = Release|ARM64
		{E245A966-B2E6-4404-A57A-D7BAE911391D}.Release|ARM64.Build.0 = Release|ARM64
		{E245A966-B2E6-4404-A57A-D7BAE911391D}.Release|ARM64.Deploy.0 = Release|ARM64
		{E245A966-B2E6-4404-A57A-D7BAE911391D}.Release|iPhone.ActiveCfg = Release|x86
		{E245A966-B2E6-4404-A57A-D7BAE911391D}.Release|iPhoneSimulator.ActiveCfg = Release|x86
		{E245A966-B2E6-4404-A57A-D7BAE911391D}.Release|x64.ActiveCfg = Release|x64
		{E245A966-B2E6-4404-A57A-D7BAE911391D}.Release|x64.Build.0 = Release|x64
		{E245A966-B2E6-4404-A57A-D7BAE911391D}.Release|x64.Deploy.0 = Release|x64
		{E245A966-B2E6-4404-A57A-D7BAE911391D}.Release|x86.ActiveCfg = Release|x86
		{E245A966-B2E6-4404-A57A-D7BAE911391D}.Release|x86.Build.0 = Release|x86
		{E245A966-B2E6-4404-A57A-D7BAE911391D}.Release|x86.Deploy.0 = Release|x86
	EndGlobalSection
	GlobalSection(SolutionProperties) = preSolution
		HideSolutionNode = FALSE
	EndGlobalSection
	GlobalSection(ExtensibilityGlobals) = postSolution
		SolutionGuid = {F6D05029-56B8-4E45-AF2D-0E76295DDBA2}
	EndGlobalSection
EndGlobal
